
Microsoft Visual Studio Solution File, Format Version 12.00
# Visual Studio Version 16
VisualStudioVersion = 16.0.30621.155
MinimumVisualStudioVersion = 10.0.40219.1
Project("{FAE04EC0-301F-11D3-BF4B-00C04F79EFBC}") = "WindowsFormsApp24", "WindowsFormsApp24\WindowsFormsApp24.csproj", "{2748C317-E45C-45AB-895F-08DC4237ED1C}"
EndProject
Global
	GlobalSection(SolutionConfigurationPlatforms) = preSolution
		Debug|Any CPU = Debug|Any CPU
		Release|Any CPU = Release|Any CPU
	EndGlobalSection
	GlobalSection(ProjectConfigurationPlatforms) = postSolution
		{2748C317-E45C-45AB-895F-08DC4237ED1C}.Debug|Any CPU.ActiveCfg = Debug|Any CPU
		{2748C317-E45C-45AB-895F-08DC4237ED1C}.Debug|Any CPU.Build.0 = Debug|Any CPU
		{2748C317-E45C-45AB-895F-08DC4237ED1C}.Release|Any CPU.ActiveCfg = Release|Any CPU
		{2748C317-E45C-45AB-895F-08DC4237ED1C}.Release|Any CPU.Build.0 = Release|Any CPU
	EndGlobalSection
	GlobalSection(SolutionProperties) = preSolution
		HideSolutionNode = FALSE
	EndGlobalSection
	GlobalSection(ExtensibilityGlobals) = postSolution
		SolutionGuid = {E47EF6CE-C81A-4E0D-A686-0BA3036B58BE}
	EndGlobalSection
EndGlobal
